// !$*UTF8*$!
{
	archiveVersion = 1;
	classes = {
	};
	objectVersion = 46;
	objects = {

/* Begin PBXBuildFile section */
		F4A918A11C28CD510004CD93 /* AppDelegate.swift in Sources */ = {isa = PBXBuildFile; fileRef = F4A918A01C28CD510004CD93 /* AppDelegate.swift */; };
		F4A918A31C28CD510004CD93 /* ViewController.swift in Sources */ = {isa = PBXBuildFile; fileRef = F4A918A21C28CD510004CD93 /* ViewController.swift */; };
		F4A918A61C28CD510004CD93 /* Main.storyboard in Resources */ = {isa = PBXBuildFile; fileRef = F4A918A41C28CD510004CD93 /* Main.storyboard */; };
		F4A918A81C28CD510004CD93 /* Assets.xcassets in Resources */ = {isa = PBXBuildFile; fileRef = F4A918A71C28CD510004CD93 /* Assets.xcassets */; };
		F4A918AB1C28CD510004CD93 /* LaunchScreen.storyboard in Resources */ = {isa = PBXBuildFile; fileRef = F4A918A91C28CD510004CD93 /* LaunchScreen.storyboard */; };
		F4A918B31C28CD920004CD93 /* Peripheral.swift in Sources */ = {isa = PBXBuildFile; fileRef = F4A918B21C28CD920004CD93 /* Peripheral.swift */; };
		F4A918B71C28CF980004CD93 /* MediaPlayer.framework in Frameworks */ = {isa = PBXBuildFile; fileRef = F4A918B61C28CF980004CD93 /* MediaPlayer.framework */; };
		F4A918BB1C28D7B80004CD93 /* Volume.m in Sources */ = {isa = PBXBuildFile; fileRef = F4A918BA1C28D7B80004CD93 /* Volume.m */; };
/* End PBXBuildFile section */

/* Begin PBXFileReference section */
		F4A9189D1C28CD510004CD93 /* RemoteVolume.app */ = {isa = PBXFileReference; explicitFileType = wrapper.application; includeInIndex = 0; path = RemoteVolume.app; sourceTree = BUILT_PRODUCTS_DIR; };
		F4A918A01C28CD510004CD93 /* AppDelegate.swift */ = {isa = PBXFileReference; lastKnownFileType = sourcecode.swift; path = AppDelegate.swift; sourceTree = "<group>"; };
		F4A918A21C28CD510004CD93 /* ViewController.swift */ = {isa = PBXFileReference; lastKnownFileType = sourcecode.swift; path = ViewController.swift; sourceTree = "<group>"; };
		F4A918A51C28CD510004CD93 /* Base */ = {isa = PBXFileReference; lastKnownFileType = file.storyboard; name = Base; path = Base.lproj/Main.storyboard; sourceTree = "<group>"; };
		F4A918A71C28CD510004CD93 /* Assets.xcassets */ = {isa = PBXFileReference; lastKnownFileType = folder.assetcatalog; path = Assets.xcassets; sourceTree = "<group>"; };
		F4A918AA1C28CD510004CD93 /* Base */ = {isa = PBXFileReference; lastKnownFileType = file.storyboard; name = Base; path = Base.lproj/LaunchScreen.storyboard; sourceTree = "<group>"; };
		F4A918AC1C28CD510004CD93 /* Info.plist */ = {isa = PBXFileReference; lastKnownFileType = text.plist.xml; path = Info.plist; sourceTree = "<group>"; };
		F4A918B21C28CD920004CD93 /* Peripheral.swift */ = {isa = PBXFileReference; fileEncoding = 4; lastKnownFileType = sourcecode.swift; path = Peripheral.swift; sourceTree = "<group>"; };
		F4A918B61C28CF980004CD93 /* MediaPlayer.framework */ = {isa = PBXFileReference; lastKnownFileType = wrapper.framework; name = MediaPlayer.framework; path = System/Library/Frameworks/MediaPlayer.framework; sourceTree = SDKROOT; };
		F4A918B81C28D7970004CD93 /* Volume.h */ = {isa = PBXFileReference; lastKnownFileType = sourcecode.c.h; path = Volume.h; sourceTree = "<group>"; };
		F4A918B91C28D7B80004CD93 /* RemoteVolume-Bridging-Header.h */ = {isa = PBXFileReference; lastKnownFileType = sourcecode.c.h; path = "RemoteVolume-Bridging-Header.h"; sourceTree = "<group>"; };
		F4A918BA1C28D7B80004CD93 /* Volume.m */ = {isa = PBXFileReference; fileEncoding = 4; lastKnownFileType = sourcecode.c.objc; path = Volume.m; sourceTree = "<group>"; };
/* End PBXFileReference section */

/* Begin PBXFrameworksBuildPhase section */
		F4A9189A1C28CD510004CD93 /* Frameworks */ = {
			isa = PBXFrameworksBuildPhase;
			buildActionMask = 2147483647;
			files = (
				F4A918B71C28CF980004CD93 /* MediaPlayer.framework in Frameworks */,
			);
			runOnlyForDeploymentPostprocessing = 0;
		};
/* End PBXFrameworksBuildPhase section */

/* Begin PBXGroup section */
		F4A918941C28CD510004CD93 = {
			isa = PBXGroup;
			children = (
				F4A918B61C28CF980004CD93 /* MediaPlayer.framework */,
				F4A9189F1C28CD510004CD93 /* RemoteVolume */,
				F4A9189E1C28CD510004CD93 /* Products */,
			);
			sourceTree = "<group>";
		};
		F4A9189E1C28CD510004CD93 /* Products */ = {
			isa = PBXGroup;
			children = (
				F4A9189D1C28CD510004CD93 /* RemoteVolume.app */,
			);
			name = Products;
			sourceTree = "<group>";
		};
		F4A9189F1C28CD510004CD93 /* RemoteVolume */ = {
			isa = PBXGroup;
			children = (
				F4A918A01C28CD510004CD93 /* AppDelegate.swift */,
				F4A918A21C28CD510004CD93 /* ViewController.swift */,
				F4A918A41C28CD510004CD93 /* Main.storyboard */,
				F4A918A71C28CD510004CD93 /* Assets.xcassets */,
				F4A918A91C28CD510004CD93 /* LaunchScreen.storyboard */,
				F4A918AC1C28CD510004CD93 /* Info.plist */,
				F4A918B21C28CD920004CD93 /* Peripheral.swift */,
				F4A918B81C28D7970004CD93 /* Volume.h */,
				F4A918BA1C28D7B80004CD93 /* Volume.m */,
				F4A918B91C28D7B80004CD93 /* RemoteVolume-Bridging-Header.h */,
			);
			path = RemoteVolume;
			sourceTree = "<group>";
		};
/* End PBXGroup section */

/* Begin PBXNativeTarget section */
		F4A9189C1C28CD510004CD93 /* RemoteVolume */ = {
			isa = PBXNativeTarget;
			buildConfigurationList = F4A918AF1C28CD510004CD93 /* Build configuration list for PBXNativeTarget "RemoteVolume" */;
			buildPhases = (
				F4A918991C28CD510004CD93 /* Sources */,
				F4A9189A1C28CD510004CD93 /* Frameworks */,
				F4A9189B1C28CD510004CD93 /* Resources */,
			);
			buildRules = (
			);
			dependencies = (
			);
			name = RemoteVolume;
			productName = RemoteVolume;
			productReference = F4A9189D1C28CD510004CD93 /* RemoteVolume.app */;
			productType = "com.apple.product-type.application";
		};
/* End PBXNativeTarget section */

/* Begin PBXProject section */
		F4A918951C28CD510004CD93 /* Project object */ = {
			isa = PBXProject;
			attributes = {
				LastSwiftUpdateCheck = 0720;
				LastUpgradeCheck = 0720;
				ORGANIZATIONNAME = toshiyuki;
				TargetAttributes = {
					F4A9189C1C28CD510004CD93 = {
						CreatedOnToolsVersion = 7.2;
					};
				};
			};
			buildConfigurationList = F4A918981C28CD510004CD93 /* Build configuration list for PBXProject "RemoteVolume" */;
			compatibilityVersion = "Xcode 3.2";
			developmentRegion = English;
			hasScannedForEncodings = 0;
			knownRegions = (
				en,
				Base,
			);
			mainGroup = F4A918941C28CD510004CD93;
			productRefGroup = F4A9189E1C28CD510004CD93 /* Products */;
			projectDirPath = "";
			projectRoot = "";
			targets = (
				F4A9189C1C28CD510004CD93 /* RemoteVolume */,
			);
		};
/* End PBXProject section */

/* Begin PBXResourcesBuildPhase section */
		F4A9189B1C28CD510004CD93 /* Resources */ = {
			isa = PBXResourcesBuildPhase;
			buildActionMask = 2147483647;
			files = (
				F4A918AB1C28CD510004CD93 /* LaunchScreen.storyboard in Resources */,
				F4A918A81C28CD510004CD93 /* Assets.xcassets in Resources */,
				F4A918A61C28CD510004CD93 /* Main.storyboard in Resources */,
			);
			runOnlyForDeploymentPostprocessing = 0;
		};
/* End PBXResourcesBuildPhase section */

/* Begin PBXSourcesBuildPhase section */
		F4A918991C28CD510004CD93 /* Sources */ = {
			isa = PBXSourcesBuildPhase;
			buildActionMask = 2147483647;
			files = (
				F4A918A31C28CD510004CD93 /* ViewController.swift in Sources */,
				F4A918B31C28CD920004CD93 /* Peripheral.swift in Sources */,
				F4A918A11C28CD510004CD93 /* AppDelegate.swift in Sources */,
				F4A918BB1C28D7B80004CD93 /* Volume.m in Sources */,
			);
			runOnlyForDeploymentPostprocessing = 0;
		};
/* End PBXSourcesBuildPhase section */

/* Begin PBXVariantGroup section */
		F4A918A41C28CD510004CD93 /* Main.storyboard */ = {
			isa = PBXVariantGroup;
			children = (
				F4A918A51C28CD510004CD93 /* Base */,
			);
			name = Main.storyboard;
			sourceTree = "<group>";
		};
		F4A918A91C28CD510004CD93 /* LaunchScreen.storyboard */ = {
			isa = PBXVariantGroup;
			children = (
				F4A918AA1C28CD510004CD93 /* Base */,
			);
			name = LaunchScreen.storyboard;
			sourceTree = "<group>";
		};
/* End PBXVariantGroup section */

/* Begin XCBuildConfiguration section */
		F4A918AD1C28CD510004CD93 /* Debug */ = {
			isa = XCBuildConfiguration;
			buildSettings = {
				ALWAYS_SEARCH_USER_PATHS = NO;
				CLANG_CXX_LANGUAGE_STANDARD = "gnu++0x";
				CLANG_CXX_LIBRARY = "libc++";
				CLANG_ENABLE_MODULES = YES;
				CLANG_ENABLE_OBJC_ARC = YES;
				CLANG_WARN_BOOL_CONVERSION = YES;
				CLANG_WARN_CONSTANT_CONVERSION = YES;
				CLANG_WARN_DIRECT_OBJC_ISA_USAGE = YES_ERROR;
				CLANG_WARN_EMPTY_BODY = YES;
				CLANG_WARN_ENUM_CONVERSION = YES;
				CLANG_WARN_INT_CONVERSION = YES;
				CLANG_WARN_OBJC_ROOT_CLASS = YES_ERROR;
				CLANG_WARN_UNREACHABLE_CODE = YES;
				CLANG_WARN__DUPLICATE_METHOD_MATCH = YES;
				"CODE_SIGN_IDENTITY[sdk=iphoneos*]" = "iPhone Developer";
				COPY_PHASE_STRIP = NO;
				DEBUG_INFORMATION_FORMAT = dwarf;
				ENABLE_STRICT_OBJC_MSGSEND = YES;
				ENABLE_TESTABILITY = YES;
				GCC_C_LANGUAGE_STANDARD = gnu99;
				GCC_DYNAMIC_NO_PIC = NO;
				GCC_NO_COMMON_BLOCKS = YES;
				GCC_OPTIMIZATION_LEVEL = 0;
				GCC_PREPROCESSOR_DEFINITIONS = (
					"DEBUG=1",
					"$(inherited)",
				);
				GCC_WARN_64_TO_32_BIT_CONVERSION = YES;
				GCC_WARN_ABOUT_RETURN_TYPE = YES_ERROR;
				GCC_WARN_UNDECLARED_SELECTOR = YES;
				GCC_WARN_UNINITIALIZED_AUTOS = YES_AGGRESSIVE;
				GCC_WARN_UNUSED_FUNCTION = YES;
				GCC_WARN_UNUSED_VARIABLE = YES;
				IPHONEOS_DEPLOYMENT_TARGET = 9.2;
				MTL_ENABLE_DEBUG_INFO = YES;
				ONLY_ACTIVE_ARCH = YES;
				SDKROOT = iphoneos;
				SWIFT_OPTIMIZATION_LEVEL = "-Onone";
				TARGETED_DEVICE_FAMILY = "1,2";
			};
			name = Debug;
		};
		F4A918AE1C28CD510004CD93 /* Release */ = {
			isa = XCBuildConfiguration;
			buildSettings = {
				ALWAYS_SEARCH_USER_PATHS = NO;
				CLANG_CXX_LANGUAGE_STANDARD = "gnu++0x";
				CLANG_CXX_LIBRARY = "libc++";
				CLANG_ENABLE_MODULES = YES;
				CLANG_ENABLE_OBJC_ARC = YES;
				CLANG_WARN_BOOL_CONVERSION = YES;
				CLANG_WARN_CONSTANT_CONVERSION = YES;
				CLANG_WARN_DIRECT_OBJC_ISA_USAGE = YES_ERROR;
				CLANG_WARN_EMPTY_BODY = YES;
				CLANG_WARN_ENUM_CONVERSION = YES;
				CLANG_WARN_INT_CONVERSION = YES;
				CLANG_WARN_OBJC_ROOT_CLASS = YES_ERROR;
				CLANG_WARN_UNREACHABLE_CODE = YES;
				CLANG_WARN__DUPLICATE_METHOD_MATCH = YES;
				"CODE_SIGN_IDENTITY[sdk=iphoneos*]" = "iPhone Developer";
				COPY_PHASE_STRIP = NO;
				DEBUG_INFORMATION_FORMAT = "dwarf-with-dsym";
				ENABLE_NS_ASSERTIONS = NO;
				ENABLE_STRICT_OBJC_MSGSEND = YES;
				GCC_C_LANGUAGE_STANDARD = gnu99;
				GCC_NO_COMMON_BLOCKS = YES;
				GCC_WARN_64_TO_32_BIT_CONVERSION = YES;
				GCC_WARN_ABOUT_RETURN_TYPE = YES_ERROR;
				GCC_WARN_UNDECLARED_SELECTOR = YES;
				GCC_WARN_UNINITIALIZED_AUTOS = YES_AGGRESSIVE;
				GCC_WARN_UNUSED_FUNCTION = YES;
				GCC_WARN_UNUSED_VARIABLE = YES;
				IPHONEOS_DEPLOYMENT_TARGET = 9.2;
				MTL_ENABLE_DEBUG_INFO = NO;
				SDKROOT = iphoneos;
				TARGETED_DEVICE_FAMILY = "1,2";
				VALIDATE_PRODUCT = YES;
			};
			name = Release;
		};
		F4A918B01C28CD510004CD93 /* Debug */ = {
			isa = XCBuildConfiguration;
			buildSettings = {
				ASSETCATALOG_COMPILER_APPICON_NAME = AppIcon;
				CLANG_ENABLE_MODULES = YES;
				INFOPLIST_FILE = RemoteVolume/Info.plist;
				IPHONEOS_DEPLOYMENT_TARGET = 8.0;
				LD_RUNPATH_SEARCH_PATHS = "$(inherited) @executable_path/Frameworks";
				PRODUCT_BUNDLE_IDENTIFIER = pw.twinsignals.RemoteVolume;
				PRODUCT_NAME = "$(TARGET_NAME)";
				SWIFT_OBJC_BRIDGING_HEADER = "RemoteVolume/RemoteVolume-Bridging-Header.h";
				SWIFT_OPTIMIZATION_LEVEL = "-Onone";
			};
			name = Debug;
		};
		F4A918B11C28CD510004CD93 /* Release */ = {
			isa = XCBuildConfiguration;
			buildSettings = {
				ASSETCATALOG_COMPILER_APPICON_NAME = AppIcon;
				CLANG_ENABLE_MODULES = YES;
				INFOPLIST_FILE = RemoteVolume/Info.plist;
				IPHONEOS_DEPLOYMENT_TARGET = 8.0;
				LD_RUNPATH_SEARCH_PATHS = "$(inherited) @executable_path/Frameworks";
				PRODUCT_BUNDLE_IDENTIFIER = pw.twinsignals.RemoteVolume;
				PRODUCT_NAME = "$(TARGET_NAME)";
				SWIFT_OBJC_BRIDGING_HEADER = "RemoteVolume/RemoteVolume-Bridging-Header.h";
			};
			name = Release;
		};
/* End XCBuildConfiguration section */

/* Begin XCConfigurationList section */
		F4A918981C28CD510004CD93 /* Build configuration list for PBXProject "RemoteVolume" */ = {
			isa = XCConfigurationList;
			buildConfigurations = (
				F4A918AD1C28CD510004CD93 /* Debug */,
				F4A918AE1C28CD510004CD93 /* Release */,
			);
			defaultConfigurationIsVisible = 0;
			defaultConfigurationName = Release;
		};
		F4A918AF1C28CD510004CD93 /* Build configuration list for PBXNativeTarget "RemoteVolume" */ = {
			isa = XCConfigurationList;
			buildConfigurations = (
				F4A918B01C28CD510004CD93 /* Debug */,
				F4A918B11C28CD510004CD93 /* Release */,
			);
			defaultConfigurationIsVisible = 0;
		};
/* End XCConfigurationList section */
	};
	rootObject = F4A918951C28CD510004CD93 /* Project object */;
}
